
Microsoft Visual Studio Solution File, Format Version 12.00
# Visual Studio Version 17
VisualStudioVersion = 17.14.36603.0
MinimumVisualStudioVersion = 10.0.40219.1
Project("{FAE04EC0-301F-11D3-BF4B-00C04F79EFBC}") = "NailssByAngel", "NailssByAngel.csproj", "{3ECF443B-2495-460B-8794-290384231805}"
EndProject
Project("{FAE04EC0-301F-11D3-BF4B-00C04F79EFBC}") = "NailssByAngelTests", "..\NailssByAngelTests\NailssByAngelTests.csproj", "{78732610-5B48-4685-AD86-81EE5E794989}"
EndProject
Global
	GlobalSection(SolutionConfigurationPlatforms) = preSolution
		Debug|Any CPU = Debug|Any CPU
		Release|Any CPU = Release|Any CPU
	EndGlobalSection
	GlobalSection(ProjectConfigurationPlatforms) = postSolution
		{3ECF443B-2495-460B-8794-290384231805}.Debug|Any CPU.ActiveCfg = Debug|Any CPU
		{3ECF443B-2495-460B-8794-290384231805}.Debug|Any CPU.Build.0 = Debug|Any CPU
		{3ECF443B-2495-460B-8794-290384231805}.Release|Any CPU.ActiveCfg = Release|Any CPU
		{3ECF443B-2495-460B-8794-290384231805}.Release|Any CPU.Build.0 = Release|Any CPU
		{78732610-5B48-4685-AD86-81EE5E794989}.Debug|Any CPU.ActiveCfg = Debug|Any CPU
		{78732610-5B48-4685-AD86-81EE5E794989}.Debug|Any CPU.Build.0 = Debug|Any CPU
		{78732610-5B48-4685-AD86-81EE5E794989}.Release|Any CPU.ActiveCfg = Release|Any CPU
		{78732610-5B48-4685-AD86-81EE5E794989}.Release|Any CPU.Build.0 = Release|Any CPU
	EndGlobalSection
	GlobalSection(SolutionProperties) = preSolution
		HideSolutionNode = FALSE
	EndGlobalSection
	GlobalSection(ExtensibilityGlobals) = postSolution
		SolutionGuid = {FEE5AC1D-7AC5-4AEC-AAEC-86CA10B21DBD}
	EndGlobalSection
EndGlobal
